
<<<<<<< HEAD
Microsoft Visual Studio Solution File, Format Version 12.00
# Visual Studio 15
=======
Microsoft Visual Studio Solution File, Format Version 11.00
# Visual Studio 2010
>>>>>>> 4f8de9ce35420e96442702b63ab521a951300acd
Project("{FAE04EC0-301F-11D3-BF4B-00C04F79EFBC}") = "Assembly-CSharp", "Assembly-CSharp.csproj", "{5767D737-BAA2-728A-9783-C836911C3D9B}"
EndProject
Project("{FAE04EC0-301F-11D3-BF4B-00C04F79EFBC}") = "Assembly-CSharp-firstpass", "Assembly-CSharp-firstpass.csproj", "{588187AB-42AC-9C7F-CFB3-76778F97D4B1}"
EndProject
Global
	GlobalSection(SolutionConfigurationPlatforms) = preSolution
		Debug|Any CPU = Debug|Any CPU
		Release|Any CPU = Release|Any CPU
	EndGlobalSection
	GlobalSection(ProjectConfigurationPlatforms) = postSolution
		{5767D737-BAA2-728A-9783-C836911C3D9B}.Debug|Any CPU.ActiveCfg = Debug|Any CPU
		{5767D737-BAA2-728A-9783-C836911C3D9B}.Debug|Any CPU.Build.0 = Debug|Any CPU
		{5767D737-BAA2-728A-9783-C836911C3D9B}.Release|Any CPU.ActiveCfg = Release|Any CPU
		{5767D737-BAA2-728A-9783-C836911C3D9B}.Release|Any CPU.Build.0 = Release|Any CPU
		{588187AB-42AC-9C7F-CFB3-76778F97D4B1}.Debug|Any CPU.ActiveCfg = Debug|Any CPU
		{588187AB-42AC-9C7F-CFB3-76778F97D4B1}.Debug|Any CPU.Build.0 = Debug|Any CPU
		{588187AB-42AC-9C7F-CFB3-76778F97D4B1}.Release|Any CPU.ActiveCfg = Release|Any CPU
		{588187AB-42AC-9C7F-CFB3-76778F97D4B1}.Release|Any CPU.Build.0 = Release|Any CPU
	EndGlobalSection
	GlobalSection(SolutionProperties) = preSolution
		HideSolutionNode = FALSE
	EndGlobalSection
EndGlobal
